
Microsoft Visual Studio Solution File, Format Version 12.00
# Visual Studio 15
VisualStudioVersion = 15.0.26124.0
MinimumVisualStudioVersion = 15.0.26124.0
Project("{2150E333-8FDC-42A3-9474-1A3956D46DE8}") = "source", "source", "{AFD01069-C1F0-43C3-ACBE-0E7E0FA0178B}"
EndProject
Project("{FAE04EC0-301F-11D3-BF4B-00C04F79EFBC}") = "Spx.Collections", "source\Spx.Collections\Spx.Collections.csproj", "{063AE51F-7F45-4CAC-B9A2-5FAA30CE0184}"
EndProject
Project("{FAE04EC0-301F-11D3-BF4B-00C04F79EFBC}") = "Spx.Reflection", "source\Spx.Reflection\Spx.Reflection.csproj", "{C0004A7C-1DC3-4F35-A3FC-A0B590F6DEC4}"
EndProject
Project("{2150E333-8FDC-42A3-9474-1A3956D46DE8}") = "tests", "tests", "{8DFC7948-6C3B-4054-810B-101C33E2F32E}"
EndProject
Project("{FAE04EC0-301F-11D3-BF4B-00C04F79EFBC}") = "Spx.Collections.UnitTests", "tests\Spx.Collections.UnitTests\Spx.Collections.UnitTests.csproj", "{A8909D5E-1A3C-44D8-8D02-BFB23C663F12}"
EndProject
Project("{FAE04EC0-301F-11D3-BF4B-00C04F79EFBC}") = "Spx.Reflection.UnitTests", "tests\Spx.Reflection.UnitTests\Spx.Reflection.UnitTests.csproj", "{E4881E05-5D56-4245-9DC5-EE81429C60A7}"
EndProject
Project("{FAE04EC0-301F-11D3-BF4B-00C04F79EFBC}") = "Spx.Linq", "source\Spx.Linq\Spx.Linq.csproj", "{7C27F4FF-B008-4576-B6B4-EEC850C24F20}"
EndProject
Project("{FAE04EC0-301F-11D3-BF4B-00C04F79EFBC}") = "Spx.Linq.UnitTests", "tests\Spx.Linq.UnitTests\Spx.Linq.UnitTests.csproj", "{75FBB586-69C9-46EB-8733-AC914E836F69}"
EndProject
Global
	GlobalSection(SolutionConfigurationPlatforms) = preSolution
		Debug|Any CPU = Debug|Any CPU
		Debug|x64 = Debug|x64
		Debug|x86 = Debug|x86
		Release|Any CPU = Release|Any CPU
		Release|x64 = Release|x64
		Release|x86 = Release|x86
	EndGlobalSection
	GlobalSection(SolutionProperties) = preSolution
		HideSolutionNode = FALSE
	EndGlobalSection
	GlobalSection(ProjectConfigurationPlatforms) = postSolution
		{063AE51F-7F45-4CAC-B9A2-5FAA30CE0184}.Debug|Any CPU.ActiveCfg = Debug|Any CPU
		{063AE51F-7F45-4CAC-B9A2-5FAA30CE0184}.Debug|Any CPU.Build.0 = Debug|Any CPU
		{063AE51F-7F45-4CAC-B9A2-5FAA30CE0184}.Debug|x64.ActiveCfg = Debug|Any CPU
		{063AE51F-7F45-4CAC-B9A2-5FAA30CE0184}.Debug|x64.Build.0 = Debug|Any CPU
		{063AE51F-7F45-4CAC-B9A2-5FAA30CE0184}.Debug|x86.ActiveCfg = Debug|Any CPU
		{063AE51F-7F45-4CAC-B9A2-5FAA30CE0184}.Debug|x86.Build.0 = Debug|Any CPU
		{063AE51F-7F45-4CAC-B9A2-5FAA30CE0184}.Release|Any CPU.ActiveCfg = Release|Any CPU
		{063AE51F-7F45-4CAC-B9A2-5FAA30CE0184}.Release|Any CPU.Build.0 = Release|Any CPU
		{063AE51F-7F45-4CAC-B9A2-5FAA30CE0184}.Release|x64.ActiveCfg = Release|Any CPU
		{063AE51F-7F45-4CAC-B9A2-5FAA30CE0184}.Release|x64.Build.0 = Release|Any CPU
		{063AE51F-7F45-4CAC-B9A2-5FAA30CE0184}.Release|x86.ActiveCfg = Release|Any CPU
		{063AE51F-7F45-4CAC-B9A2-5FAA30CE0184}.Release|x86.Build.0 = Release|Any CPU
		{C0004A7C-1DC3-4F35-A3FC-A0B590F6DEC4}.Debug|Any CPU.ActiveCfg = Debug|Any CPU
		{C0004A7C-1DC3-4F35-A3FC-A0B590F6DEC4}.Debug|Any CPU.Build.0 = Debug|Any CPU
		{C0004A7C-1DC3-4F35-A3FC-A0B590F6DEC4}.Debug|x64.ActiveCfg = Debug|Any CPU
		{C0004A7C-1DC3-4F35-A3FC-A0B590F6DEC4}.Debug|x64.Build.0 = Debug|Any CPU
		{C0004A7C-1DC3-4F35-A3FC-A0B590F6DEC4}.Debug|x86.ActiveCfg = Debug|Any CPU
		{C0004A7C-1DC3-4F35-A3FC-A0B590F6DEC4}.Debug|x86.Build.0 = Debug|Any CPU
		{C0004A7C-1DC3-4F35-A3FC-A0B590F6DEC4}.Release|Any CPU.ActiveCfg = Release|Any CPU
		{C0004A7C-1DC3-4F35-A3FC-A0B590F6DEC4}.Release|Any CPU.Build.0 = Release|Any CPU
		{C0004A7C-1DC3-4F35-A3FC-A0B590F6DEC4}.Release|x64.ActiveCfg = Release|Any CPU
		{C0004A7C-1DC3-4F35-A3FC-A0B590F6DEC4}.Release|x64.Build.0 = Release|Any CPU
		{C0004A7C-1DC3-4F35-A3FC-A0B590F6DEC4}.Release|x86.ActiveCfg = Release|Any CPU
		{C0004A7C-1DC3-4F35-A3FC-A0B590F6DEC4}.Release|x86.Build.0 = Release|Any CPU
		{A8909D5E-1A3C-44D8-8D02-BFB23C663F12}.Debug|Any CPU.ActiveCfg = Debug|Any CPU
		{A8909D5E-1A3C-44D8-8D02-BFB23C663F12}.Debug|Any CPU.Build.0 = Debug|Any CPU
		{A8909D5E-1A3C-44D8-8D02-BFB23C663F12}.Debug|x64.ActiveCfg = Debug|Any CPU
		{A8909D5E-1A3C-44D8-8D02-BFB23C663F12}.Debug|x64.Build.0 = Debug|Any CPU
		{A8909D5E-1A3C-44D8-8D02-BFB23C663F12}.Debug|x86.ActiveCfg = Debug|Any CPU
		{A8909D5E-1A3C-44D8-8D02-BFB23C663F12}.Debug|x86.Build.0 = Debug|Any CPU
		{A8909D5E-1A3C-44D8-8D02-BFB23C663F12}.Release|Any CPU.ActiveCfg = Release|Any CPU
		{A8909D5E-1A3C-44D8-8D02-BFB23C663F12}.Release|Any CPU.Build.0 = Release|Any CPU
		{A8909D5E-1A3C-44D8-8D02-BFB23C663F12}.Release|x64.ActiveCfg = Release|Any CPU
		{A8909D5E-1A3C-44D8-8D02-BFB23C663F12}.Release|x64.Build.0 = Release|Any CPU
		{A8909D5E-1A3C-44D8-8D02-BFB23C663F12}.Release|x86.ActiveCfg = Release|Any CPU
		{A8909D5E-1A3C-44D8-8D02-BFB23C663F12}.Release|x86.Build.0 = Release|Any CPU
		{E4881E05-5D56-4245-9DC5-EE81429C60A7}.Debug|Any CPU.ActiveCfg = Debug|Any CPU
		{E4881E05-5D56-4245-9DC5-EE81429C60A7}.Debug|Any CPU.Build.0 = Debug|Any CPU
		{E4881E05-5D56-4245-9DC5-EE81429C60A7}.Debug|x64.ActiveCfg = Debug|Any CPU
		{E4881E05-5D56-4245-9DC5-EE81429C60A7}.Debug|x64.Build.0 = Debug|Any CPU
		{E4881E05-5D56-4245-9DC5-EE81429C60A7}.Debug|x86.ActiveCfg = Debug|Any CPU
		{E4881E05-5D56-4245-9DC5-EE81429C60A7}.Debug|x86.Build.0 = Debug|Any CPU
		{E4881E05-5D56-4245-9DC5-EE81429C60A7}.Release|Any CPU.ActiveCfg = Release|Any CPU
		{E4881E05-5D56-4245-9DC5-EE81429C60A7}.Release|Any CPU.Build.0 = Release|Any CPU
		{E4881E05-5D56-4245-9DC5-EE81429C60A7}.Release|x64.ActiveCfg = Release|Any CPU
		{E4881E05-5D56-4245-9DC5-EE81429C60A7}.Release|x64.Build.0 = Release|Any CPU
		{E4881E05-5D56-4245-9DC5-EE81429C60A7}.Release|x86.ActiveCfg = Release|Any CPU
		{E4881E05-5D56-4245-9DC5-EE81429C60A7}.Release|x86.Build.0 = Release|Any CPU
		{7C27F4FF-B008-4576-B6B4-EEC850C24F20}.Debug|Any CPU.ActiveCfg = Debug|Any CPU
		{7C27F4FF-B008-4576-B6B4-EEC850C24F20}.Debug|Any CPU.Build.0 = Debug|Any CPU
		{7C27F4FF-B008-4576-B6B4-EEC850C24F20}.Debug|x64.ActiveCfg = Debug|Any CPU
		{7C27F4FF-B008-4576-B6B4-EEC850C24F20}.Debug|x64.Build.0 = Debug|Any CPU
		{7C27F4FF-B008-4576-B6B4-EEC850C24F20}.Debug|x86.ActiveCfg = Debug|Any CPU
		{7C27F4FF-B008-4576-B6B4-EEC850C24F20}.Debug|x86.Build.0 = Debug|Any CPU
		{7C27F4FF-B008-4576-B6B4-EEC850C24F20}.Release|Any CPU.ActiveCfg = Release|Any CPU
		{7C27F4FF-B008-4576-B6B4-EEC850C24F20}.Release|Any CPU.Build.0 = Release|Any CPU
		{7C27F4FF-B008-4576-B6B4-EEC850C24F20}.Release|x64.ActiveCfg = Release|Any CPU
		{7C27F4FF-B008-4576-B6B4-EEC850C24F20}.Release|x64.Build.0 = Release|Any CPU
		{7C27F4FF-B008-4576-B6B4-EEC850C24F20}.Release|x86.ActiveCfg = Release|Any CPU
		{7C27F4FF-B008-4576-B6B4-EEC850C24F20}.Release|x86.Build.0 = Release|Any CPU
		{75FBB586-69C9-46EB-8733-AC914E836F69}.Debug|Any CPU.ActiveCfg = Debug|Any CPU
		{75FBB586-69C9-46EB-8733-AC914E836F69}.Debug|Any CPU.Build.0 = Debug|Any CPU
		{75FBB586-69C9-46EB-8733-AC914E836F69}.Debug|x64.ActiveCfg = Debug|Any CPU
		{75FBB586-69C9-46EB-8733-AC914E836F69}.Debug|x64.Build.0 = Debug|Any CPU
		{75FBB586-69C9-46EB-8733-AC914E836F69}.Debug|x86.ActiveCfg = Debug|Any CPU
		{75FBB586-69C9-46EB-8733-AC914E836F69}.Debug|x86.Build.0 = Debug|Any CPU
		{75FBB586-69C9-46EB-8733-AC914E836F69}.Release|Any CPU.ActiveCfg = Release|Any CPU
		{75FBB586-69C9-46EB-8733-AC914E836F69}.Release|Any CPU.Build.0 = Release|Any CPU
		{75FBB586-69C9-46EB-8733-AC914E836F69}.Release|x64.ActiveCfg = Release|Any CPU
		{75FBB586-69C9-46EB-8733-AC914E836F69}.Release|x64.Build.0 = Release|Any CPU
		{75FBB586-69C9-46EB-8733-AC914E836F69}.Release|x86.ActiveCfg = Release|Any CPU
		{75FBB586-69C9-46EB-8733-AC914E836F69}.Release|x86.Build.0 = Release|Any CPU
	EndGlobalSection
	GlobalSection(NestedProjects) = preSolution
		{063AE51F-7F45-4CAC-B9A2-5FAA30CE0184} = {AFD01069-C1F0-43C3-ACBE-0E7E0FA0178B}
		{C0004A7C-1DC3-4F35-A3FC-A0B590F6DEC4} = {AFD01069-C1F0-43C3-ACBE-0E7E0FA0178B}
		{A8909D5E-1A3C-44D8-8D02-BFB23C663F12} = {8DFC7948-6C3B-4054-810B-101C33E2F32E}
		{E4881E05-5D56-4245-9DC5-EE81429C60A7} = {8DFC7948-6C3B-4054-810B-101C33E2F32E}
		{7C27F4FF-B008-4576-B6B4-EEC850C24F20} = {AFD01069-C1F0-43C3-ACBE-0E7E0FA0178B}
		{75FBB586-69C9-46EB-8733-AC914E836F69} = {8DFC7948-6C3B-4054-810B-101C33E2F32E}
	EndGlobalSection
EndGlobal
